
Microsoft Visual Studio Solution File, Format Version 12.00
# Visual Studio Version 16
VisualStudioVersion = 16.0.29230.47
MinimumVisualStudioVersion = 10.0.40219.1
Project("{FAE04EC0-301F-11D3-BF4B-00C04F79EFBC}") = "Iteratians", "Iteratians\Iteratians.csproj", "{C3C87309-61AB-4658-8E1A-BD48C4419D90}"
EndProject
Project("{FAE04EC0-301F-11D3-BF4B-00C04F79EFBC}") = "DecisionConstructs", "DecisionConstructs\DecisionConstructs.csproj", "{49E15A4F-3DF7-4C36-A885-019AE500DC56}"
EndProject
Project("{FAE04EC0-301F-11D3-BF4B-00C04F79EFBC}") = "Arrays", "Arrays\Arrays.csproj", "{5E7343B9-D261-4E30-9300-099B19195290}"
EndProject
Global
	GlobalSection(SolutionConfigurationPlatforms) = preSolution
		Debug|Any CPU = Debug|Any CPU
		Release|Any CPU = Release|Any CPU
	EndGlobalSection
	GlobalSection(ProjectConfigurationPlatforms) = postSolution
		{C3C87309-61AB-4658-8E1A-BD48C4419D90}.Debug|Any CPU.ActiveCfg = Debug|Any CPU
		{C3C87309-61AB-4658-8E1A-BD48C4419D90}.Debug|Any CPU.Build.0 = Debug|Any CPU
		{C3C87309-61AB-4658-8E1A-BD48C4419D90}.Release|Any CPU.ActiveCfg = Release|Any CPU
		{C3C87309-61AB-4658-8E1A-BD48C4419D90}.Release|Any CPU.Build.0 = Release|Any CPU
		{49E15A4F-3DF7-4C36-A885-019AE500DC56}.Debug|Any CPU.ActiveCfg = Debug|Any CPU
		{49E15A4F-3DF7-4C36-A885-019AE500DC56}.Debug|Any CPU.Build.0 = Debug|Any CPU
		{49E15A4F-3DF7-4C36-A885-019AE500DC56}.Release|Any CPU.ActiveCfg = Release|Any CPU
		{49E15A4F-3DF7-4C36-A885-019AE500DC56}.Release|Any CPU.Build.0 = Release|Any CPU
		{5E7343B9-D261-4E30-9300-099B19195290}.Debug|Any CPU.ActiveCfg = Debug|Any CPU
		{5E7343B9-D261-4E30-9300-099B19195290}.Debug|Any CPU.Build.0 = Debug|Any CPU
		{5E7343B9-D261-4E30-9300-099B19195290}.Release|Any CPU.ActiveCfg = Release|Any CPU
		{5E7343B9-D261-4E30-9300-099B19195290}.Release|Any CPU.Build.0 = Release|Any CPU
	EndGlobalSection
	GlobalSection(SolutionProperties) = preSolution
		HideSolutionNode = FALSE
	EndGlobalSection
	GlobalSection(ExtensibilityGlobals) = postSolution
		SolutionGuid = {34F1EA0A-4661-4819-B5F6-51A155499C36}
	EndGlobalSection
EndGlobal
